{
  "name": "hringleikur",
  "version": "1.0.0",
  "lockfileVersion": 1,
  "requires": true,
  "dependencies": {
    "stickybits": {
      "version": "3.5.1",
      "resolved": "https://registry.npmjs.org/stickybits/-/stickybits-3.5.1.tgz",
      "integrity": "sha512-T4WrekBFUmY4InnD60FYDpsYhWZ4Xx2ELrnfR2twXK3Od39rpJ5fMyhD/yheZXKsEWLtzJU5AKSw9t4HexcGkw=="
    }
  }
}
